// !$*UTF8*$!
{
	archiveVersion = 1;
	classes = {
	};
	objectVersion = 56;
	objects = {

/* Begin PBXBuildFile section */
		5910E9452B0769AF005A584C /* MetalImageViewKit.xcframework in Frameworks */ = {isa = PBXBuildFile; fileRef = 5910E9442B0769AF005A584C /* MetalImageViewKit.xcframework */; };
		594E2C7F2AF6558C006C3F59 /* PhoneNumberFormat.h in Headers */ = {isa = PBXBuildFile; fileRef = 594E2C7E2AF6558C006C3F59 /* PhoneNumberFormat.h */; settings = {ATTRIBUTES = (Public, ); }; };
		594E2C882AF6559C006C3F59 /* InteractivePhoneFormatter.swift in Sources */ = {isa = PBXBuildFile; fileRef = 594E2C862AF6559B006C3F59 /* InteractivePhoneFormatter.swift */; };
		594E2C892AF6559C006C3F59 /* PhoneNumbers.swift in Sources */ = {isa = PBXBuildFile; fileRef = 594E2C872AF6559B006C3F59 /* PhoneNumbers.swift */; };
		594E2C8C2AF655A9006C3F59 /* libphonenumber.xcframework in Frameworks */ = {isa = PBXBuildFile; fileRef = 594E2C8B2AF655A9006C3F59 /* libphonenumber.xcframework */; };
		594E2C942AF655B3006C3F59 /* TelegramAudio.xcframework in Frameworks */ = {isa = PBXBuildFile; fileRef = 594E2C8D2AF655B3006C3F59 /* TelegramAudio.xcframework */; };
		594E2C952AF655B3006C3F59 /* RingBuffer.xcframework in Frameworks */ = {isa = PBXBuildFile; fileRef = 594E2C8E2AF655B3006C3F59 /* RingBuffer.xcframework */; };
		594E2C962AF655B3006C3F59 /* UniversalMediaPlayer.xcframework in Frameworks */ = {isa = PBXBuildFile; fileRef = 594E2C8F2AF655B3006C3F59 /* UniversalMediaPlayer.xcframework */; };
		594E2C972AF655B3006C3F59 /* YuvConversion.xcframework in Frameworks */ = {isa = PBXBuildFile; fileRef = 594E2C902AF655B3006C3F59 /* YuvConversion.xcframework */; };
		594E2C982AF655B4006C3F59 /* AccountContextKit.xcframework in Frameworks */ = {isa = PBXBuildFile; fileRef = 594E2C912AF655B3006C3F59 /* AccountContextKit.xcframework */; };
		594E2C992AF655B4006C3F59 /* TextFormat.xcframework in Frameworks */ = {isa = PBXBuildFile; fileRef = 594E2C922AF655B3006C3F59 /* TextFormat.xcframework */; };
		594E2C9A2AF655B4006C3F59 /* FFMpegBinding.xcframework in Frameworks */ = {isa = PBXBuildFile; fileRef = 594E2C932AF655B3006C3F59 /* FFMpegBinding.xcframework */; };
		594E2CA72AF655BE006C3F59 /* CloudDataKit.xcframework in Frameworks */ = {isa = PBXBuildFile; fileRef = 594E2C9B2AF655BE006C3F59 /* CloudDataKit.xcframework */; };
		594E2CA82AF655BF006C3F59 /* PresentationStringsKit.xcframework in Frameworks */ = {isa = PBXBuildFile; fileRef = 594E2C9C2AF655BE006C3F59 /* PresentationStringsKit.xcframework */; };
		594E2CA92AF655BF006C3F59 /* TelegramApi.xcframework in Frameworks */ = {isa = PBXBuildFile; fileRef = 594E2C9D2AF655BE006C3F59 /* TelegramApi.xcframework */; };
		594E2CAA2AF655BF006C3F59 /* TelegramCore.xcframework in Frameworks */ = {isa = PBXBuildFile; fileRef = 594E2C9E2AF655BE006C3F59 /* TelegramCore.xcframework */; };
		594E2CAB2AF655BF006C3F59 /* TinyThumbnail.xcframework in Frameworks */ = {isa = PBXBuildFile; fileRef = 594E2C9F2AF655BE006C3F59 /* TinyThumbnail.xcframework */; };
		594E2CAC2AF655BF006C3F59 /* TelegramUIPreferences.xcframework in Frameworks */ = {isa = PBXBuildFile; fileRef = 594E2CA02AF655BE006C3F59 /* TelegramUIPreferences.xcframework */; };
		594E2CAD2AF655C0006C3F59 /* MediaResources.xcframework in Frameworks */ = {isa = PBXBuildFile; fileRef = 594E2CA12AF655BE006C3F59 /* MediaResources.xcframework */; };
		594E2CAE2AF655C0006C3F59 /* NetworkLogging.xcframework in Frameworks */ = {isa = PBXBuildFile; fileRef = 594E2CA22AF655BE006C3F59 /* NetworkLogging.xcframework */; };
		594E2CAF2AF655C0006C3F59 /* PostboxKit.xcframework in Frameworks */ = {isa = PBXBuildFile; fileRef = 594E2CA32AF655BE006C3F59 /* PostboxKit.xcframework */; };
		594E2CB02AF655C1006C3F59 /* LegacyReachability.xcframework in Frameworks */ = {isa = PBXBuildFile; fileRef = 594E2CA42AF655BE006C3F59 /* LegacyReachability.xcframework */; };
		594E2CB12AF655C1006C3F59 /* Sunrise.xcframework in Frameworks */ = {isa = PBXBuildFile; fileRef = 594E2CA52AF655BE006C3F59 /* Sunrise.xcframework */; };
		594E2CB22AF655C1006C3F59 /* ReachabilityKit.xcframework in Frameworks */ = {isa = PBXBuildFile; fileRef = 594E2CA62AF655BE006C3F59 /* ReachabilityKit.xcframework */; };
		594E2D852AF65804006C3F59 /* RLottieBinding.xcframework in Frameworks */ = {isa = PBXBuildFile; fileRef = 594E2D782AF65803006C3F59 /* RLottieBinding.xcframework */; };
		594E2D862AF65804006C3F59 /* ManagedAnimationNodeKit.xcframework in Frameworks */ = {isa = PBXBuildFile; fileRef = 594E2D792AF65803006C3F59 /* ManagedAnimationNodeKit.xcframework */; };
		594E2D872AF65805006C3F59 /* GZip.xcframework in Frameworks */ = {isa = PBXBuildFile; fileRef = 594E2D7A2AF65803006C3F59 /* GZip.xcframework */; };
		594E2D882AF65805006C3F59 /* TelegramAnimatedStickerNode.xcframework in Frameworks */ = {isa = PBXBuildFile; fileRef = 594E2D7B2AF65803006C3F59 /* TelegramAnimatedStickerNode.xcframework */; };
		594E2D8A2AF65806006C3F59 /* WebPBinding.xcframework in Frameworks */ = {isa = PBXBuildFile; fileRef = 594E2D7D2AF65803006C3F59 /* WebPBinding.xcframework */; };
		594E2D8B2AF65807006C3F59 /* AnimationCacheKit.xcframework in Frameworks */ = {isa = PBXBuildFile; fileRef = 594E2D7E2AF65803006C3F59 /* AnimationCacheKit.xcframework */; };
		594E2D8C2AF65807006C3F59 /* LottieAnimationCache.xcframework in Frameworks */ = {isa = PBXBuildFile; fileRef = 594E2D7F2AF65803006C3F59 /* LottieAnimationCache.xcframework */; };
		594E2D8D2AF65807006C3F59 /* MeshAnimationCacheKit.xcframework in Frameworks */ = {isa = PBXBuildFile; fileRef = 594E2D802AF65804006C3F59 /* MeshAnimationCacheKit.xcframework */; };
		594E2D8E2AF65808006C3F59 /* AnimationCompression.xcframework in Frameworks */ = {isa = PBXBuildFile; fileRef = 594E2D812AF65804006C3F59 /* AnimationCompression.xcframework */; };
		594E2D8F2AF65808006C3F59 /* AnimatedStickerNodeKit.xcframework in Frameworks */ = {isa = PBXBuildFile; fileRef = 594E2D822AF65804006C3F59 /* AnimatedStickerNodeKit.xcframework */; };
		594E2D902AF65809006C3F59 /* DctHuffman.xcframework in Frameworks */ = {isa = PBXBuildFile; fileRef = 594E2D832AF65804006C3F59 /* DctHuffman.xcframework */; };
		594E2D912AF65809006C3F59 /* MultiAnimationRendererKit.xcframework in Frameworks */ = {isa = PBXBuildFile; fileRef = 594E2D842AF65804006C3F59 /* MultiAnimationRendererKit.xcframework */; };
		594E2D9B2AF65815006C3F59 /* UIKitRuntimeUtils.xcframework in Frameworks */ = {isa = PBXBuildFile; fileRef = 594E2D922AF65814006C3F59 /* UIKitRuntimeUtils.xcframework */; };
		594E2D9C2AF65816006C3F59 /* Markdown.xcframework in Frameworks */ = {isa = PBXBuildFile; fileRef = 594E2D932AF65814006C3F59 /* Markdown.xcframework */; };
		594E2D9D2AF65816006C3F59 /* ObjCRuntimeUtils.xcframework in Frameworks */ = {isa = PBXBuildFile; fileRef = 594E2D942AF65814006C3F59 /* ObjCRuntimeUtils.xcframework */; };
		594E2D9E2AF65817006C3F59 /* ManagedFileKit.xcframework in Frameworks */ = {isa = PBXBuildFile; fileRef = 594E2D952AF65814006C3F59 /* ManagedFileKit.xcframework */; };
		594E2D9F2AF65818006C3F59 /* SSignalKit.xcframework in Frameworks */ = {isa = PBXBuildFile; fileRef = 594E2D962AF65815006C3F59 /* SSignalKit.xcframework */; };
		594E2DA02AF65819006C3F59 /* SwiftSignalKit.xcframework in Frameworks */ = {isa = PBXBuildFile; fileRef = 594E2D972AF65815006C3F59 /* SwiftSignalKit.xcframework */; };
		594E2DA12AF65819006C3F59 /* AppBundle.xcframework in Frameworks */ = {isa = PBXBuildFile; fileRef = 594E2D982AF65815006C3F59 /* AppBundle.xcframework */; };
		594E2DA22AF6581A006C3F59 /* AsyncDisplayKit.xcframework in Frameworks */ = {isa = PBXBuildFile; fileRef = 594E2D992AF65815006C3F59 /* AsyncDisplayKit.xcframework */; };
		594E2DA32AF6581B006C3F59 /* Display.xcframework in Frameworks */ = {isa = PBXBuildFile; fileRef = 594E2D9A2AF65815006C3F59 /* Display.xcframework */; };
		594E2DB72AF65846006C3F59 /* Lottie.xcframework in Frameworks */ = {isa = PBXBuildFile; fileRef = 594E2DA42AF65844006C3F59 /* Lottie.xcframework */; };
		594E2DB82AF65846006C3F59 /* Tuples.xcframework in Frameworks */ = {isa = PBXBuildFile; fileRef = 594E2DA52AF65844006C3F59 /* Tuples.xcframework */; };
		594E2DB92AF65847006C3F59 /* TemporaryCachedPeerDataManager.xcframework in Frameworks */ = {isa = PBXBuildFile; fileRef = 594E2DA62AF65844006C3F59 /* TemporaryCachedPeerDataManager.xcframework */; };
		594E2DBA2AF65848006C3F59 /* ImageCompression.xcframework in Frameworks */ = {isa = PBXBuildFile; fileRef = 594E2DA72AF65844006C3F59 /* ImageCompression.xcframework */; };
		594E2DBB2AF65849006C3F59 /* DeviceLocationManagerKit.xcframework in Frameworks */ = {isa = PBXBuildFile; fileRef = 594E2DA82AF65845006C3F59 /* DeviceLocationManagerKit.xcframework */; };
		594E2DBC2AF6584A006C3F59 /* StickerResources.xcframework in Frameworks */ = {isa = PBXBuildFile; fileRef = 594E2DA92AF65845006C3F59 /* StickerResources.xcframework */; };
		594E2DBD2AF6584A006C3F59 /* VideoAnimationCache.xcframework in Frameworks */ = {isa = PBXBuildFile; fileRef = 594E2DAA2AF65845006C3F59 /* VideoAnimationCache.xcframework */; };
		594E2DBE2AF6584B006C3F59 /* LocalMediaResources.xcframework in Frameworks */ = {isa = PBXBuildFile; fileRef = 594E2DAB2AF65845006C3F59 /* LocalMediaResources.xcframework */; };
		594E2DBF2AF6584C006C3F59 /* FastBlur.xcframework in Frameworks */ = {isa = PBXBuildFile; fileRef = 594E2DAC2AF65845006C3F59 /* FastBlur.xcframework */; };
		594E2DC02AF6584D006C3F59 /* ComponentFlow.xcframework in Frameworks */ = {isa = PBXBuildFile; fileRef = 594E2DAD2AF65845006C3F59 /* ComponentFlow.xcframework */; };
		594E2DC12AF6584D006C3F59 /* MusicAlbumArtResources.xcframework in Frameworks */ = {isa = PBXBuildFile; fileRef = 594E2DAE2AF65845006C3F59 /* MusicAlbumArtResources.xcframework */; };
		594E2DC22AF6584E006C3F59 /* SoftwareVideo.xcframework in Frameworks */ = {isa = PBXBuildFile; fileRef = 594E2DAF2AF65845006C3F59 /* SoftwareVideo.xcframework */; };
		594E2DC32AF6584F006C3F59 /* HierarchyTrackingLayer.xcframework in Frameworks */ = {isa = PBXBuildFile; fileRef = 594E2DB02AF65845006C3F59 /* HierarchyTrackingLayer.xcframework */; };
		594E2DC42AF65850006C3F59 /* ImageBlur.xcframework in Frameworks */ = {isa = PBXBuildFile; fileRef = 594E2DB12AF65845006C3F59 /* ImageBlur.xcframework */; };
		594E2DC52AF65851006C3F59 /* TelegramPresentationData.xcframework in Frameworks */ = {isa = PBXBuildFile; fileRef = 594E2DB22AF65845006C3F59 /* TelegramPresentationData.xcframework */; };
		594E2DC62AF65852006C3F59 /* InAppPurchaseManagerKit.xcframework in Frameworks */ = {isa = PBXBuildFile; fileRef = 594E2DB32AF65845006C3F59 /* InAppPurchaseManagerKit.xcframework */; };
		594E2DC72AF65853006C3F59 /* ShimmerEffect.xcframework in Frameworks */ = {isa = PBXBuildFile; fileRef = 594E2DB42AF65845006C3F59 /* ShimmerEffect.xcframework */; };
		594E2DC82AF65854006C3F59 /* LegacyComponents.xcframework in Frameworks */ = {isa = PBXBuildFile; fileRef = 594E2DB52AF65846006C3F59 /* LegacyComponents.xcframework */; };
		594E2DC92AF65854006C3F59 /* MozjpegBinding.xcframework in Frameworks */ = {isa = PBXBuildFile; fileRef = 594E2DB62AF65846006C3F59 /* MozjpegBinding.xcframework */; };
/* End PBXBuildFile section */

/* Begin PBXFileReference section */
		5910E9442B0769AF005A584C /* MetalImageViewKit.xcframework */ = {isa = PBXFileReference; lastKnownFileType = wrapper.xcframework; name = MetalImageViewKit.xcframework; path = ../../TGLibs/MetalImageViewKit.xcframework; sourceTree = "<group>"; };
		594E2C7B2AF6558C006C3F59 /* PhoneNumberFormat.framework */ = {isa = PBXFileReference; explicitFileType = wrapper.framework; includeInIndex = 0; path = PhoneNumberFormat.framework; sourceTree = BUILT_PRODUCTS_DIR; };
		594E2C7E2AF6558C006C3F59 /* PhoneNumberFormat.h */ = {isa = PBXFileReference; lastKnownFileType = sourcecode.c.h; path = PhoneNumberFormat.h; sourceTree = "<group>"; };
		594E2C862AF6559B006C3F59 /* InteractivePhoneFormatter.swift */ = {isa = PBXFileReference; fileEncoding = 4; lastKnownFileType = sourcecode.swift; path = InteractivePhoneFormatter.swift; sourceTree = "<group>"; };
		594E2C872AF6559B006C3F59 /* PhoneNumbers.swift */ = {isa = PBXFileReference; fileEncoding = 4; lastKnownFileType = sourcecode.swift; path = PhoneNumbers.swift; sourceTree = "<group>"; };
		594E2C8B2AF655A9006C3F59 /* libphonenumber.xcframework */ = {isa = PBXFileReference; lastKnownFileType = wrapper.xcframework; name = libphonenumber.xcframework; path = ../../TGLibs/libphonenumber.xcframework; sourceTree = "<group>"; };
		594E2C8D2AF655B3006C3F59 /* TelegramAudio.xcframework */ = {isa = PBXFileReference; lastKnownFileType = wrapper.xcframework; name = TelegramAudio.xcframework; path = ../../TGLibs/TelegramAudio.xcframework; sourceTree = "<group>"; };
		594E2C8E2AF655B3006C3F59 /* RingBuffer.xcframework */ = {isa = PBXFileReference; lastKnownFileType = wrapper.xcframework; name = RingBuffer.xcframework; path = ../../TGLibs/RingBuffer.xcframework; sourceTree = "<group>"; };
		594E2C8F2AF655B3006C3F59 /* UniversalMediaPlayer.xcframework */ = {isa = PBXFileReference; lastKnownFileType = wrapper.xcframework; name = UniversalMediaPlayer.xcframework; path = ../../TGLibs/UniversalMediaPlayer.xcframework; sourceTree = "<group>"; };
		594E2C902AF655B3006C3F59 /* YuvConversion.xcframework */ = {isa = PBXFileReference; lastKnownFileType = wrapper.xcframework; name = YuvConversion.xcframework; path = ../../TGLibs/YuvConversion.xcframework; sourceTree = "<group>"; };
		594E2C912AF655B3006C3F59 /* AccountContextKit.xcframework */ = {isa = PBXFileReference; lastKnownFileType = wrapper.xcframework; name = AccountContextKit.xcframework; path = ../../TGLibs/AccountContextKit.xcframework; sourceTree = "<group>"; };
		594E2C922AF655B3006C3F59 /* TextFormat.xcframework */ = {isa = PBXFileReference; lastKnownFileType = wrapper.xcframework; name = TextFormat.xcframework; path = ../../TGLibs/TextFormat.xcframework; sourceTree = "<group>"; };
		594E2C932AF655B3006C3F59 /* FFMpegBinding.xcframework */ = {isa = PBXFileReference; lastKnownFileType = wrapper.xcframework; name = FFMpegBinding.xcframework; path = ../../TGLibs/FFMpegBinding.xcframework; sourceTree = "<group>"; };
		594E2C9B2AF655BE006C3F59 /* CloudDataKit.xcframework */ = {isa = PBXFileReference; lastKnownFileType = wrapper.xcframework; name = CloudDataKit.xcframework; path = ../../TGLibs/CloudDataKit.xcframework; sourceTree = "<group>"; };
		594E2C9C2AF655BE006C3F59 /* PresentationStringsKit.xcframework */ = {isa = PBXFileReference; lastKnownFileType = wrapper.xcframework; name = PresentationStringsKit.xcframework; path = ../../TGLibs/PresentationStringsKit.xcframework; sourceTree = "<group>"; };
		594E2C9D2AF655BE006C3F59 /* TelegramApi.xcframework */ = {isa = PBXFileReference; lastKnownFileType = wrapper.xcframework; name = TelegramApi.xcframework; path = ../../TGLibs/TelegramApi.xcframework; sourceTree = "<group>"; };
		594E2C9E2AF655BE006C3F59 /* TelegramCore.xcframework */ = {isa = PBXFileReference; lastKnownFileType = wrapper.xcframework; name = TelegramCore.xcframework; path = ../../TGLibs/TelegramCore.xcframework; sourceTree = "<group>"; };
		594E2C9F2AF655BE006C3F59 /* TinyThumbnail.xcframework */ = {isa = PBXFileReference; lastKnownFileType = wrapper.xcframework; name = TinyThumbnail.xcframework; path = ../../TGLibs/TinyThumbnail.xcframework; sourceTree = "<group>"; };
		594E2CA02AF655BE006C3F59 /* TelegramUIPreferences.xcframework */ = {isa = PBXFileReference; lastKnownFileType = wrapper.xcframework; name = TelegramUIPreferences.xcframework; path = ../../TGLibs/TelegramUIPreferences.xcframework; sourceTree = "<group>"; };
		594E2CA12AF655BE006C3F59 /* MediaResources.xcframework */ = {isa = PBXFileReference; lastKnownFileType = wrapper.xcframework; name = MediaResources.xcframework; path = ../../TGLibs/MediaResources.xcframework; sourceTree = "<group>"; };
		594E2CA22AF655BE006C3F59 /* NetworkLogging.xcframework */ = {isa = PBXFileReference; lastKnownFileType = wrapper.xcframework; name = NetworkLogging.xcframework; path = ../../TGLibs/NetworkLogging.xcframework; sourceTree = "<group>"; };
		594E2CA32AF655BE006C3F59 /* PostboxKit.xcframework */ = {isa = PBXFileReference; lastKnownFileType = wrapper.xcframework; name = PostboxKit.xcframework; path = ../../TGLibs/PostboxKit.xcframework; sourceTree = "<group>"; };
		594E2CA42AF655BE006C3F59 /* LegacyReachability.xcframework */ = {isa = PBXFileReference; lastKnownFileType = wrapper.xcframework; name = LegacyReachability.xcframework; path = ../../TGLibs/LegacyReachability.xcframework; sourceTree = "<group>"; };
		594E2CA52AF655BE006C3F59 /* Sunrise.xcframework */ = {isa = PBXFileReference; lastKnownFileType = wrapper.xcframework; name = Sunrise.xcframework; path = ../../TGLibs/Sunrise.xcframework; sourceTree = "<group>"; };
		594E2CA62AF655BE006C3F59 /* ReachabilityKit.xcframework */ = {isa = PBXFileReference; lastKnownFileType = wrapper.xcframework; name = ReachabilityKit.xcframework; path = ../../TGLibs/ReachabilityKit.xcframework; sourceTree = "<group>"; };
		594E2D782AF65803006C3F59 /* RLottieBinding.xcframework */ = {isa = PBXFileReference; lastKnownFileType = wrapper.xcframework; name = RLottieBinding.xcframework; path = ../../TGLibs/RLottieBinding.xcframework; sourceTree = "<group>"; };
		594E2D792AF65803006C3F59 /* ManagedAnimationNodeKit.xcframework */ = {isa = PBXFileReference; lastKnownFileType = wrapper.xcframework; name = ManagedAnimationNodeKit.xcframework; path = ../../TGLibs/ManagedAnimationNodeKit.xcframework; sourceTree = "<group>"; };
		594E2D7A2AF65803006C3F59 /* GZip.xcframework */ = {isa = PBXFileReference; lastKnownFileType = wrapper.xcframework; name = GZip.xcframework; path = ../../TGLibs/GZip.xcframework; sourceTree = "<group>"; };
		594E2D7B2AF65803006C3F59 /* TelegramAnimatedStickerNode.xcframework */ = {isa = PBXFileReference; lastKnownFileType = wrapper.xcframework; name = TelegramAnimatedStickerNode.xcframework; path = ../../TGLibs/TelegramAnimatedStickerNode.xcframework; sourceTree = "<group>"; };
		594E2D7C2AF65803006C3F59 /* MetalImageView.xcframework */ = {isa = PBXFileReference; lastKnownFileType = wrapper.xcframework; name = MetalImageView.xcframework; path = ../../TGLibs/MetalImageView.xcframework; sourceTree = "<group>"; };
		594E2D7D2AF65803006C3F59 /* WebPBinding.xcframework */ = {isa = PBXFileReference; lastKnownFileType = wrapper.xcframework; name = WebPBinding.xcframework; path = ../../TGLibs/WebPBinding.xcframework; sourceTree = "<group>"; };
		594E2D7E2AF65803006C3F59 /* AnimationCacheKit.xcframework */ = {isa = PBXFileReference; lastKnownFileType = wrapper.xcframework; name = AnimationCacheKit.xcframework; path = ../../TGLibs/AnimationCacheKit.xcframework; sourceTree = "<group>"; };
		594E2D7F2AF65803006C3F59 /* LottieAnimationCache.xcframework */ = {isa = PBXFileReference; lastKnownFileType = wrapper.xcframework; name = LottieAnimationCache.xcframework; path = ../../TGLibs/LottieAnimationCache.xcframework; sourceTree = "<group>"; };
		594E2D802AF65804006C3F59 /* MeshAnimationCacheKit.xcframework */ = {isa = PBXFileReference; lastKnownFileType = wrapper.xcframework; name = MeshAnimationCacheKit.xcframework; path = ../../TGLibs/MeshAnimationCacheKit.xcframework; sourceTree = "<group>"; };
		594E2D812AF65804006C3F59 /* AnimationCompression.xcframework */ = {isa = PBXFileReference; lastKnownFileType = wrapper.xcframework; name = AnimationCompression.xcframework; path = ../../TGLibs/AnimationCompression.xcframework; sourceTree = "<group>"; };
		594E2D822AF65804006C3F59 /* AnimatedStickerNodeKit.xcframework */ = {isa = PBXFileReference; lastKnownFileType = wrapper.xcframework; name = AnimatedStickerNodeKit.xcframework; path = ../../TGLibs/AnimatedStickerNodeKit.xcframework; sourceTree = "<group>"; };
		594E2D832AF65804006C3F59 /* DctHuffman.xcframework */ = {isa = PBXFileReference; lastKnownFileType = wrapper.xcframework; name = DctHuffman.xcframework; path = ../../TGLibs/DctHuffman.xcframework; sourceTree = "<group>"; };
		594E2D842AF65804006C3F59 /* MultiAnimationRendererKit.xcframework */ = {isa = PBXFileReference; lastKnownFileType = wrapper.xcframework; name = MultiAnimationRendererKit.xcframework; path = ../../TGLibs/MultiAnimationRendererKit.xcframework; sourceTree = "<group>"; };
		594E2D922AF65814006C3F59 /* UIKitRuntimeUtils.xcframework */ = {isa = PBXFileReference; lastKnownFileType = wrapper.xcframework; name = UIKitRuntimeUtils.xcframework; path = ../../TGLibs/UIKitRuntimeUtils.xcframework; sourceTree = "<group>"; };
		594E2D932AF65814006C3F59 /* Markdown.xcframework */ = {isa = PBXFileReference; lastKnownFileType = wrapper.xcframework; name = Markdown.xcframework; path = ../../TGLibs/Markdown.xcframework; sourceTree = "<group>"; };
		594E2D942AF65814006C3F59 /* ObjCRuntimeUtils.xcframework */ = {isa = PBXFileReference; lastKnownFileType = wrapper.xcframework; name = ObjCRuntimeUtils.xcframework; path = ../../TGLibs/ObjCRuntimeUtils.xcframework; sourceTree = "<group>"; };
		594E2D952AF65814006C3F59 /* ManagedFileKit.xcframework */ = {isa = PBXFileReference; lastKnownFileType = wrapper.xcframework; name = ManagedFileKit.xcframework; path = ../../TGLibs/ManagedFileKit.xcframework; sourceTree = "<group>"; };
		594E2D962AF65815006C3F59 /* SSignalKit.xcframework */ = {isa = PBXFileReference; lastKnownFileType = wrapper.xcframework; name = SSignalKit.xcframework; path = ../../TGLibs/SSignalKit.xcframework; sourceTree = "<group>"; };
		594E2D972AF65815006C3F59 /* SwiftSignalKit.xcframework */ = {isa = PBXFileReference; lastKnownFileType = wrapper.xcframework; name = SwiftSignalKit.xcframework; path = ../../TGLibs/SwiftSignalKit.xcframework; sourceTree = "<group>"; };
		594E2D982AF65815006C3F59 /* AppBundle.xcframework */ = {isa = PBXFileReference; lastKnownFileType = wrapper.xcframework; name = AppBundle.xcframework; path = ../../TGLibs/AppBundle.xcframework; sourceTree = "<group>"; };
		594E2D992AF65815006C3F59 /* AsyncDisplayKit.xcframework */ = {isa = PBXFileReference; lastKnownFileType = wrapper.xcframework; name = AsyncDisplayKit.xcframework; path = ../../TGLibs/AsyncDisplayKit.xcframework; sourceTree = "<group>"; };
		594E2D9A2AF65815006C3F59 /* Display.xcframework */ = {isa = PBXFileReference; lastKnownFileType = wrapper.xcframework; name = Display.xcframework; path = ../../TGLibs/Display.xcframework; sourceTree = "<group>"; };
		594E2DA42AF65844006C3F59 /* Lottie.xcframework */ = {isa = PBXFileReference; lastKnownFileType = wrapper.xcframework; name = Lottie.xcframework; path = ../../TGLibs/Lottie.xcframework; sourceTree = "<group>"; };
		594E2DA52AF65844006C3F59 /* Tuples.xcframework */ = {isa = PBXFileReference; lastKnownFileType = wrapper.xcframework; name = Tuples.xcframework; path = ../../TGLibs/Tuples.xcframework; sourceTree = "<group>"; };
		594E2DA62AF65844006C3F59 /* TemporaryCachedPeerDataManager.xcframework */ = {isa = PBXFileReference; lastKnownFileType = wrapper.xcframework; name = TemporaryCachedPeerDataManager.xcframework; path = ../../TGLibs/TemporaryCachedPeerDataManager.xcframework; sourceTree = "<group>"; };
		594E2DA72AF65844006C3F59 /* ImageCompression.xcframework */ = {isa = PBXFileReference; lastKnownFileType = wrapper.xcframework; name = ImageCompression.xcframework; path = ../../TGLibs/ImageCompression.xcframework; sourceTree = "<group>"; };
		594E2DA82AF65845006C3F59 /* DeviceLocationManagerKit.xcframework */ = {isa = PBXFileReference; lastKnownFileType = wrapper.xcframework; name = DeviceLocationManagerKit.xcframework; path = ../../TGLibs/DeviceLocationManagerKit.xcframework; sourceTree = "<group>"; };
		594E2DA92AF65845006C3F59 /* StickerResources.xcframework */ = {isa = PBXFileReference; lastKnownFileType = wrapper.xcframework; name = StickerResources.xcframework; path = ../../TGLibs/StickerResources.xcframework; sourceTree = "<group>"; };
		594E2DAA2AF65845006C3F59 /* VideoAnimationCache.xcframework */ = {isa = PBXFileReference; lastKnownFileType = wrapper.xcframework; name = VideoAnimationCache.xcframework; path = ../../TGLibs/VideoAnimationCache.xcframework; sourceTree = "<group>"; };
		594E2DAB2AF65845006C3F59 /* LocalMediaResources.xcframework */ = {isa = PBXFileReference; lastKnownFileType = wrapper.xcframework; name = LocalMediaResources.xcframework; path = ../../TGLibs/LocalMediaResources.xcframework; sourceTree = "<group>"; };
		594E2DAC2AF65845006C3F59 /* FastBlur.xcframework */ = {isa = PBXFileReference; lastKnownFileType = wrapper.xcframework; name = FastBlur.xcframework; path = ../../TGLibs/FastBlur.xcframework; sourceTree = "<group>"; };
		594E2DAD2AF65845006C3F59 /* ComponentFlow.xcframework */ = {isa = PBXFileReference; lastKnownFileType = wrapper.xcframework; name = ComponentFlow.xcframework; path = ../../TGLibs/ComponentFlow.xcframework; sourceTree = "<group>"; };
		594E2DAE2AF65845006C3F59 /* MusicAlbumArtResources.xcframework */ = {isa = PBXFileReference; lastKnownFileType = wrapper.xcframework; name = MusicAlbumArtResources.xcframework; path = ../../TGLibs/MusicAlbumArtResources.xcframework; sourceTree = "<group>"; };
		594E2DAF2AF65845006C3F59 /* SoftwareVideo.xcframework */ = {isa = PBXFileReference; lastKnownFileType = wrapper.xcframework; name = SoftwareVideo.xcframework; path = ../../TGLibs/SoftwareVideo.xcframework; sourceTree = "<group>"; };
		594E2DB02AF65845006C3F59 /* HierarchyTrackingLayer.xcframework */ = {isa = PBXFileReference; lastKnownFileType = wrapper.xcframework; name = HierarchyTrackingLayer.xcframework; path = ../../TGLibs/HierarchyTrackingLayer.xcframework; sourceTree = "<group>"; };
		594E2DB12AF65845006C3F59 /* ImageBlur.xcframework */ = {isa = PBXFileReference; lastKnownFileType = wrapper.xcframework; name = ImageBlur.xcframework; path = ../../TGLibs/ImageBlur.xcframework; sourceTree = "<group>"; };
		594E2DB22AF65845006C3F59 /* TelegramPresentationData.xcframework */ = {isa = PBXFileReference; lastKnownFileType = wrapper.xcframework; name = TelegramPresentationData.xcframework; path = ../../TGLibs/TelegramPresentationData.xcframework; sourceTree = "<group>"; };
		594E2DB32AF65845006C3F59 /* InAppPurchaseManagerKit.xcframework */ = {isa = PBXFileReference; lastKnownFileType = wrapper.xcframework; name = InAppPurchaseManagerKit.xcframework; path = ../../TGLibs/InAppPurchaseManagerKit.xcframework; sourceTree = "<group>"; };
		594E2DB42AF65845006C3F59 /* ShimmerEffect.xcframework */ = {isa = PBXFileReference; lastKnownFileType = wrapper.xcframework; name = ShimmerEffect.xcframework; path = ../../TGLibs/ShimmerEffect.xcframework; sourceTree = "<group>"; };
		594E2DB52AF65846006C3F59 /* LegacyComponents.xcframework */ = {isa = PBXFileReference; lastKnownFileType = wrapper.xcframework; name = LegacyComponents.xcframework; path = ../../TGLibs/LegacyComponents.xcframework; sourceTree = "<group>"; };
		594E2DB62AF65846006C3F59 /* MozjpegBinding.xcframework */ = {isa = PBXFileReference; lastKnownFileType = wrapper.xcframework; name = MozjpegBinding.xcframework; path = ../../TGLibs/MozjpegBinding.xcframework; sourceTree = "<group>"; };
/* End PBXFileReference section */

/* Begin PBXFrameworksBuildPhase section */
		594E2C782AF6558C006C3F59 /* Frameworks */ = {
			isa = PBXFrameworksBuildPhase;
			buildActionMask = 2147483647;
			files = (
				594E2C8C2AF655A9006C3F59 /* libphonenumber.xcframework in Frameworks */,
				594E2C942AF655B3006C3F59 /* TelegramAudio.xcframework in Frameworks */,
				594E2C952AF655B3006C3F59 /* RingBuffer.xcframework in Frameworks */,
				594E2C962AF655B3006C3F59 /* UniversalMediaPlayer.xcframework in Frameworks */,
				594E2C972AF655B3006C3F59 /* YuvConversion.xcframework in Frameworks */,
				594E2CA72AF655BE006C3F59 /* CloudDataKit.xcframework in Frameworks */,
				594E2D9B2AF65815006C3F59 /* UIKitRuntimeUtils.xcframework in Frameworks */,
				594E2D9C2AF65816006C3F59 /* Markdown.xcframework in Frameworks */,
				594E2D9D2AF65816006C3F59 /* ObjCRuntimeUtils.xcframework in Frameworks */,
				594E2D9E2AF65817006C3F59 /* ManagedFileKit.xcframework in Frameworks */,
				594E2D9F2AF65818006C3F59 /* SSignalKit.xcframework in Frameworks */,
				594E2DB72AF65846006C3F59 /* Lottie.xcframework in Frameworks */,
				594E2DB82AF65846006C3F59 /* Tuples.xcframework in Frameworks */,
				594E2DB92AF65847006C3F59 /* TemporaryCachedPeerDataManager.xcframework in Frameworks */,
				594E2DBA2AF65848006C3F59 /* ImageCompression.xcframework in Frameworks */,
				594E2DBB2AF65849006C3F59 /* DeviceLocationManagerKit.xcframework in Frameworks */,
				594E2DBC2AF6584A006C3F59 /* StickerResources.xcframework in Frameworks */,
				594E2DBD2AF6584A006C3F59 /* VideoAnimationCache.xcframework in Frameworks */,
				594E2DBE2AF6584B006C3F59 /* LocalMediaResources.xcframework in Frameworks */,
				594E2DBF2AF6584C006C3F59 /* FastBlur.xcframework in Frameworks */,
				594E2DC02AF6584D006C3F59 /* ComponentFlow.xcframework in Frameworks */,
				594E2DC12AF6584D006C3F59 /* MusicAlbumArtResources.xcframework in Frameworks */,
				594E2DC22AF6584E006C3F59 /* SoftwareVideo.xcframework in Frameworks */,
				594E2DC32AF6584F006C3F59 /* HierarchyTrackingLayer.xcframework in Frameworks */,
				594E2DC42AF65850006C3F59 /* ImageBlur.xcframework in Frameworks */,
				594E2DC52AF65851006C3F59 /* TelegramPresentationData.xcframework in Frameworks */,
				594E2DC62AF65852006C3F59 /* InAppPurchaseManagerKit.xcframework in Frameworks */,
				594E2DC72AF65853006C3F59 /* ShimmerEffect.xcframework in Frameworks */,
				594E2DC82AF65854006C3F59 /* LegacyComponents.xcframework in Frameworks */,
				594E2DC92AF65854006C3F59 /* MozjpegBinding.xcframework in Frameworks */,
				594E2DA02AF65819006C3F59 /* SwiftSignalKit.xcframework in Frameworks */,
				594E2DA12AF65819006C3F59 /* AppBundle.xcframework in Frameworks */,
				594E2DA22AF6581A006C3F59 /* AsyncDisplayKit.xcframework in Frameworks */,
				594E2DA32AF6581B006C3F59 /* Display.xcframework in Frameworks */,
				594E2CA82AF655BF006C3F59 /* PresentationStringsKit.xcframework in Frameworks */,
				594E2CA92AF655BF006C3F59 /* TelegramApi.xcframework in Frameworks */,
				594E2CAA2AF655BF006C3F59 /* TelegramCore.xcframework in Frameworks */,
				594E2D852AF65804006C3F59 /* RLottieBinding.xcframework in Frameworks */,
				594E2D862AF65804006C3F59 /* ManagedAnimationNodeKit.xcframework in Frameworks */,
				594E2D872AF65805006C3F59 /* GZip.xcframework in Frameworks */,
				594E2D882AF65805006C3F59 /* TelegramAnimatedStickerNode.xcframework in Frameworks */,
				594E2D8A2AF65806006C3F59 /* WebPBinding.xcframework in Frameworks */,
				594E2D8B2AF65807006C3F59 /* AnimationCacheKit.xcframework in Frameworks */,
				594E2D8C2AF65807006C3F59 /* LottieAnimationCache.xcframework in Frameworks */,
				594E2D8D2AF65807006C3F59 /* MeshAnimationCacheKit.xcframework in Frameworks */,
				594E2D8E2AF65808006C3F59 /* AnimationCompression.xcframework in Frameworks */,
				594E2D8F2AF65808006C3F59 /* AnimatedStickerNodeKit.xcframework in Frameworks */,
				5910E9452B0769AF005A584C /* MetalImageViewKit.xcframework in Frameworks */,
				594E2D902AF65809006C3F59 /* DctHuffman.xcframework in Frameworks */,
				594E2D912AF65809006C3F59 /* MultiAnimationRendererKit.xcframework in Frameworks */,
				594E2CAB2AF655BF006C3F59 /* TinyThumbnail.xcframework in Frameworks */,
				594E2CAC2AF655BF006C3F59 /* TelegramUIPreferences.xcframework in Frameworks */,
				594E2CAD2AF655C0006C3F59 /* MediaResources.xcframework in Frameworks */,
				594E2CAE2AF655C0006C3F59 /* NetworkLogging.xcframework in Frameworks */,
				594E2CAF2AF655C0006C3F59 /* PostboxKit.xcframework in Frameworks */,
				594E2CB02AF655C1006C3F59 /* LegacyReachability.xcframework in Frameworks */,
				594E2CB12AF655C1006C3F59 /* Sunrise.xcframework in Frameworks */,
				594E2CB22AF655C1006C3F59 /* ReachabilityKit.xcframework in Frameworks */,
				594E2C982AF655B4006C3F59 /* AccountContextKit.xcframework in Frameworks */,
				594E2C992AF655B4006C3F59 /* TextFormat.xcframework in Frameworks */,
				594E2C9A2AF655B4006C3F59 /* FFMpegBinding.xcframework in Frameworks */,
			);
			runOnlyForDeploymentPostprocessing = 0;
		};
/* End PBXFrameworksBuildPhase section */

/* Begin PBXGroup section */
		594E2C712AF6558C006C3F59 = {
			isa = PBXGroup;
			children = (
				594E2C7D2AF6558C006C3F59 /* PhoneNumberFormat */,
				594E2C7C2AF6558C006C3F59 /* Products */,
				594E2C8A2AF655A9006C3F59 /* Frameworks */,
			);
			sourceTree = "<group>";
		};
		594E2C7C2AF6558C006C3F59 /* Products */ = {
			isa = PBXGroup;
			children = (
				594E2C7B2AF6558C006C3F59 /* PhoneNumberFormat.framework */,
			);
			name = Products;
			sourceTree = "<group>";
		};
		594E2C7D2AF6558C006C3F59 /* PhoneNumberFormat */ = {
			isa = PBXGroup;
			children = (
				594E2C7E2AF6558C006C3F59 /* PhoneNumberFormat.h */,
				594E2C852AF6559B006C3F59 /* Sources */,
			);
			path = PhoneNumberFormat;
			sourceTree = "<group>";
		};
		594E2C852AF6559B006C3F59 /* Sources */ = {
			isa = PBXGroup;
			children = (
				594E2C862AF6559B006C3F59 /* InteractivePhoneFormatter.swift */,
				594E2C872AF6559B006C3F59 /* PhoneNumbers.swift */,
			);
			path = Sources;
			sourceTree = "<group>";
		};
		594E2C8A2AF655A9006C3F59 /* Frameworks */ = {
			isa = PBXGroup;
			children = (
				5910E9442B0769AF005A584C /* MetalImageViewKit.xcframework */,
				594E2DAD2AF65845006C3F59 /* ComponentFlow.xcframework */,
				594E2DA82AF65845006C3F59 /* DeviceLocationManagerKit.xcframework */,
				594E2DAC2AF65845006C3F59 /* FastBlur.xcframework */,
				594E2DB02AF65845006C3F59 /* HierarchyTrackingLayer.xcframework */,
				594E2DB12AF65845006C3F59 /* ImageBlur.xcframework */,
				594E2DA72AF65844006C3F59 /* ImageCompression.xcframework */,
				594E2DB32AF65845006C3F59 /* InAppPurchaseManagerKit.xcframework */,
				594E2DB52AF65846006C3F59 /* LegacyComponents.xcframework */,
				594E2DAB2AF65845006C3F59 /* LocalMediaResources.xcframework */,
				594E2DA42AF65844006C3F59 /* Lottie.xcframework */,
				594E2DB62AF65846006C3F59 /* MozjpegBinding.xcframework */,
				594E2DAE2AF65845006C3F59 /* MusicAlbumArtResources.xcframework */,
				594E2DB42AF65845006C3F59 /* ShimmerEffect.xcframework */,
				594E2DAF2AF65845006C3F59 /* SoftwareVideo.xcframework */,
				594E2DA92AF65845006C3F59 /* StickerResources.xcframework */,
				594E2DB22AF65845006C3F59 /* TelegramPresentationData.xcframework */,
				594E2DA62AF65844006C3F59 /* TemporaryCachedPeerDataManager.xcframework */,
				594E2DA52AF65844006C3F59 /* Tuples.xcframework */,
				594E2DAA2AF65845006C3F59 /* VideoAnimationCache.xcframework */,
				594E2D982AF65815006C3F59 /* AppBundle.xcframework */,
				594E2D992AF65815006C3F59 /* AsyncDisplayKit.xcframework */,
				594E2D9A2AF65815006C3F59 /* Display.xcframework */,
				594E2D952AF65814006C3F59 /* ManagedFileKit.xcframework */,
				594E2D932AF65814006C3F59 /* Markdown.xcframework */,
				594E2D942AF65814006C3F59 /* ObjCRuntimeUtils.xcframework */,
				594E2D962AF65815006C3F59 /* SSignalKit.xcframework */,
				594E2D972AF65815006C3F59 /* SwiftSignalKit.xcframework */,
				594E2D922AF65814006C3F59 /* UIKitRuntimeUtils.xcframework */,
				594E2D822AF65804006C3F59 /* AnimatedStickerNodeKit.xcframework */,
				594E2D7E2AF65803006C3F59 /* AnimationCacheKit.xcframework */,
				594E2D812AF65804006C3F59 /* AnimationCompression.xcframework */,
				594E2D832AF65804006C3F59 /* DctHuffman.xcframework */,
				594E2D7A2AF65803006C3F59 /* GZip.xcframework */,
				594E2D7F2AF65803006C3F59 /* LottieAnimationCache.xcframework */,
				594E2D792AF65803006C3F59 /* ManagedAnimationNodeKit.xcframework */,
				594E2D802AF65804006C3F59 /* MeshAnimationCacheKit.xcframework */,
				594E2D7C2AF65803006C3F59 /* MetalImageView.xcframework */,
				594E2D842AF65804006C3F59 /* MultiAnimationRendererKit.xcframework */,
				594E2D782AF65803006C3F59 /* RLottieBinding.xcframework */,
				594E2D7B2AF65803006C3F59 /* TelegramAnimatedStickerNode.xcframework */,
				594E2D7D2AF65803006C3F59 /* WebPBinding.xcframework */,
				594E2C9B2AF655BE006C3F59 /* CloudDataKit.xcframework */,
				594E2CA42AF655BE006C3F59 /* LegacyReachability.xcframework */,
				594E2CA12AF655BE006C3F59 /* MediaResources.xcframework */,
				594E2CA22AF655BE006C3F59 /* NetworkLogging.xcframework */,
				594E2CA32AF655BE006C3F59 /* PostboxKit.xcframework */,
				594E2C9C2AF655BE006C3F59 /* PresentationStringsKit.xcframework */,
				594E2CA62AF655BE006C3F59 /* ReachabilityKit.xcframework */,
				594E2CA52AF655BE006C3F59 /* Sunrise.xcframework */,
				594E2C9D2AF655BE006C3F59 /* TelegramApi.xcframework */,
				594E2C9E2AF655BE006C3F59 /* TelegramCore.xcframework */,
				594E2CA02AF655BE006C3F59 /* TelegramUIPreferences.xcframework */,
				594E2C9F2AF655BE006C3F59 /* TinyThumbnail.xcframework */,
				594E2C912AF655B3006C3F59 /* AccountContextKit.xcframework */,
				594E2C932AF655B3006C3F59 /* FFMpegBinding.xcframework */,
				594E2C8E2AF655B3006C3F59 /* RingBuffer.xcframework */,
				594E2C8D2AF655B3006C3F59 /* TelegramAudio.xcframework */,
				594E2C922AF655B3006C3F59 /* TextFormat.xcframework */,
				594E2C8F2AF655B3006C3F59 /* UniversalMediaPlayer.xcframework */,
				594E2C902AF655B3006C3F59 /* YuvConversion.xcframework */,
				594E2C8B2AF655A9006C3F59 /* libphonenumber.xcframework */,
			);
			name = Frameworks;
			sourceTree = "<group>";
		};
/* End PBXGroup section */

/* Begin PBXHeadersBuildPhase section */
		594E2C762AF6558C006C3F59 /* Headers */ = {
			isa = PBXHeadersBuildPhase;
			buildActionMask = 2147483647;
			files = (
				594E2C7F2AF6558C006C3F59 /* PhoneNumberFormat.h in Headers */,
			);
			runOnlyForDeploymentPostprocessing = 0;
		};
/* End PBXHeadersBuildPhase section */

/* Begin PBXNativeTarget section */
		594E2C7A2AF6558C006C3F59 /* PhoneNumberFormat */ = {
			isa = PBXNativeTarget;
			buildConfigurationList = 594E2C822AF6558C006C3F59 /* Build configuration list for PBXNativeTarget "PhoneNumberFormat" */;
			buildPhases = (
				594E2C762AF6558C006C3F59 /* Headers */,
				594E2C772AF6558C006C3F59 /* Sources */,
				594E2C782AF6558C006C3F59 /* Frameworks */,
				594E2C792AF6558C006C3F59 /* Resources */,
			);
			buildRules = (
			);
			dependencies = (
			);
			name = PhoneNumberFormat;
			productName = PhoneNumberFormat;
			productReference = 594E2C7B2AF6558C006C3F59 /* PhoneNumberFormat.framework */;
			productType = "com.apple.product-type.framework";
		};
/* End PBXNativeTarget section */

/* Begin PBXProject section */
		594E2C722AF6558C006C3F59 /* Project object */ = {
			isa = PBXProject;
			attributes = {
				BuildIndependentTargetsInParallel = 1;
				LastUpgradeCheck = 1420;
				TargetAttributes = {
					594E2C7A2AF6558C006C3F59 = {
						CreatedOnToolsVersion = 14.2;
					};
				};
			};
			buildConfigurationList = 594E2C752AF6558C006C3F59 /* Build configuration list for PBXProject "PhoneNumberFormat" */;
			compatibilityVersion = "Xcode 14.0";
			developmentRegion = en;
			hasScannedForEncodings = 0;
			knownRegions = (
				en,
				Base,
			);
			mainGroup = 594E2C712AF6558C006C3F59;
			productRefGroup = 594E2C7C2AF6558C006C3F59 /* Products */;
			projectDirPath = "";
			projectRoot = "";
			targets = (
				594E2C7A2AF6558C006C3F59 /* PhoneNumberFormat */,
			);
		};
/* End PBXProject section */

/* Begin PBXResourcesBuildPhase section */
		594E2C792AF6558C006C3F59 /* Resources */ = {
			isa = PBXResourcesBuildPhase;
			buildActionMask = 2147483647;
			files = (
			);
			runOnlyForDeploymentPostprocessing = 0;
		};
/* End PBXResourcesBuildPhase section */

/* Begin PBXSourcesBuildPhase section */
		594E2C772AF6558C006C3F59 /* Sources */ = {
			isa = PBXSourcesBuildPhase;
			buildActionMask = 2147483647;
			files = (
				594E2C882AF6559C006C3F59 /* InteractivePhoneFormatter.swift in Sources */,
				594E2C892AF6559C006C3F59 /* PhoneNumbers.swift in Sources */,
			);
			runOnlyForDeploymentPostprocessing = 0;
		};
/* End PBXSourcesBuildPhase section */

/* Begin XCBuildConfiguration section */
		594E2C802AF6558C006C3F59 /* Debug */ = {
			isa = XCBuildConfiguration;
			buildSettings = {
				ALWAYS_SEARCH_USER_PATHS = NO;
				CLANG_ANALYZER_NONNULL = YES;
				CLANG_ANALYZER_NUMBER_OBJECT_CONVERSION = YES_AGGRESSIVE;
				CLANG_CXX_LANGUAGE_STANDARD = "gnu++20";
				CLANG_ENABLE_MODULES = YES;
				CLANG_ENABLE_OBJC_ARC = YES;
				CLANG_ENABLE_OBJC_WEAK = YES;
				CLANG_WARN_BLOCK_CAPTURE_AUTORELEASING = YES;
				CLANG_WARN_BOOL_CONVERSION = YES;
				CLANG_WARN_COMMA = YES;
				CLANG_WARN_CONSTANT_CONVERSION = YES;
				CLANG_WARN_DEPRECATED_OBJC_IMPLEMENTATIONS = YES;
				CLANG_WARN_DIRECT_OBJC_ISA_USAGE = YES_ERROR;
				CLANG_WARN_DOCUMENTATION_COMMENTS = YES;
				CLANG_WARN_EMPTY_BODY = YES;
				CLANG_WARN_ENUM_CONVERSION = YES;
				CLANG_WARN_INFINITE_RECURSION = YES;
				CLANG_WARN_INT_CONVERSION = YES;
				CLANG_WARN_NON_LITERAL_NULL_CONVERSION = YES;
				CLANG_WARN_OBJC_IMPLICIT_RETAIN_SELF = YES;
				CLANG_WARN_OBJC_LITERAL_CONVERSION = YES;
				CLANG_WARN_OBJC_ROOT_CLASS = YES_ERROR;
				CLANG_WARN_QUOTED_INCLUDE_IN_FRAMEWORK_HEADER = YES;
				CLANG_WARN_RANGE_LOOP_ANALYSIS = YES;
				CLANG_WARN_STRICT_PROTOTYPES = YES;
				CLANG_WARN_SUSPICIOUS_MOVE = YES;
				CLANG_WARN_UNGUARDED_AVAILABILITY = YES_AGGRESSIVE;
				CLANG_WARN_UNREACHABLE_CODE = YES;
				CLANG_WARN__DUPLICATE_METHOD_MATCH = YES;
				COPY_PHASE_STRIP = NO;
				CURRENT_PROJECT_VERSION = 1;
				DEBUG_INFORMATION_FORMAT = dwarf;
				ENABLE_STRICT_OBJC_MSGSEND = YES;
				ENABLE_TESTABILITY = YES;
				GCC_C_LANGUAGE_STANDARD = gnu11;
				GCC_DYNAMIC_NO_PIC = NO;
				GCC_NO_COMMON_BLOCKS = YES;
				GCC_OPTIMIZATION_LEVEL = 0;
				GCC_PREPROCESSOR_DEFINITIONS = (
					"DEBUG=1",
					"$(inherited)",
				);
				GCC_WARN_64_TO_32_BIT_CONVERSION = YES;
				GCC_WARN_ABOUT_RETURN_TYPE = YES_ERROR;
				GCC_WARN_UNDECLARED_SELECTOR = YES;
				GCC_WARN_UNINITIALIZED_AUTOS = YES_AGGRESSIVE;
				GCC_WARN_UNUSED_FUNCTION = YES;
				GCC_WARN_UNUSED_VARIABLE = YES;
				IPHONEOS_DEPLOYMENT_TARGET = 16.2;
				MTL_ENABLE_DEBUG_INFO = INCLUDE_SOURCE;
				MTL_FAST_MATH = YES;
				ONLY_ACTIVE_ARCH = YES;
				SDKROOT = iphoneos;
				SWIFT_ACTIVE_COMPILATION_CONDITIONS = DEBUG;
				SWIFT_OPTIMIZATION_LEVEL = "-Onone";
				VERSIONING_SYSTEM = "apple-generic";
				VERSION_INFO_PREFIX = "";
			};
			name = Debug;
		};
		594E2C812AF6558C006C3F59 /* Release */ = {
			isa = XCBuildConfiguration;
			buildSettings = {
				ALWAYS_SEARCH_USER_PATHS = NO;
				CLANG_ANALYZER_NONNULL = YES;
				CLANG_ANALYZER_NUMBER_OBJECT_CONVERSION = YES_AGGRESSIVE;
				CLANG_CXX_LANGUAGE_STANDARD = "gnu++20";
				CLANG_ENABLE_MODULES = YES;
				CLANG_ENABLE_OBJC_ARC = YES;
				CLANG_ENABLE_OBJC_WEAK = YES;
				CLANG_WARN_BLOCK_CAPTURE_AUTORELEASING = YES;
				CLANG_WARN_BOOL_CONVERSION = YES;
				CLANG_WARN_COMMA = YES;
				CLANG_WARN_CONSTANT_CONVERSION = YES;
				CLANG_WARN_DEPRECATED_OBJC_IMPLEMENTATIONS = YES;
				CLANG_WARN_DIRECT_OBJC_ISA_USAGE = YES_ERROR;
				CLANG_WARN_DOCUMENTATION_COMMENTS = YES;
				CLANG_WARN_EMPTY_BODY = YES;
				CLANG_WARN_ENUM_CONVERSION = YES;
				CLANG_WARN_INFINITE_RECURSION = YES;
				CLANG_WARN_INT_CONVERSION = YES;
				CLANG_WARN_NON_LITERAL_NULL_CONVERSION = YES;
				CLANG_WARN_OBJC_IMPLICIT_RETAIN_SELF = YES;
				CLANG_WARN_OBJC_LITERAL_CONVERSION = YES;
				CLANG_WARN_OBJC_ROOT_CLASS = YES_ERROR;
				CLANG_WARN_QUOTED_INCLUDE_IN_FRAMEWORK_HEADER = YES;
				CLANG_WARN_RANGE_LOOP_ANALYSIS = YES;
				CLANG_WARN_STRICT_PROTOTYPES = YES;
				CLANG_WARN_SUSPICIOUS_MOVE = YES;
				CLANG_WARN_UNGUARDED_AVAILABILITY = YES_AGGRESSIVE;
				CLANG_WARN_UNREACHABLE_CODE = YES;
				CLANG_WARN__DUPLICATE_METHOD_MATCH = YES;
				COPY_PHASE_STRIP = NO;
				CURRENT_PROJECT_VERSION = 1;
				DEBUG_INFORMATION_FORMAT = "dwarf-with-dsym";
				ENABLE_NS_ASSERTIONS = NO;
				ENABLE_STRICT_OBJC_MSGSEND = YES;
				GCC_C_LANGUAGE_STANDARD = gnu11;
				GCC_NO_COMMON_BLOCKS = YES;
				GCC_WARN_64_TO_32_BIT_CONVERSION = YES;
				GCC_WARN_ABOUT_RETURN_TYPE = YES_ERROR;
				GCC_WARN_UNDECLARED_SELECTOR = YES;
				GCC_WARN_UNINITIALIZED_AUTOS = YES_AGGRESSIVE;
				GCC_WARN_UNUSED_FUNCTION = YES;
				GCC_WARN_UNUSED_VARIABLE = YES;
				IPHONEOS_DEPLOYMENT_TARGET = 16.2;
				MTL_ENABLE_DEBUG_INFO = NO;
				MTL_FAST_MATH = YES;
				SDKROOT = iphoneos;
				SWIFT_COMPILATION_MODE = wholemodule;
				SWIFT_OPTIMIZATION_LEVEL = "-O";
				VALIDATE_PRODUCT = YES;
				VERSIONING_SYSTEM = "apple-generic";
				VERSION_INFO_PREFIX = "";
			};
			name = Release;
		};
		594E2C832AF6558C006C3F59 /* Debug */ = {
			isa = XCBuildConfiguration;
			buildSettings = {
				BUILD_LIBRARY_FOR_DISTRIBUTION = YES;
				CODE_SIGN_STYLE = Automatic;
				CURRENT_PROJECT_VERSION = 1;
				DEFINES_MODULE = YES;
				DYLIB_COMPATIBILITY_VERSION = 1;
				DYLIB_CURRENT_VERSION = 1;
				DYLIB_INSTALL_NAME_BASE = "@rpath";
				
				GENERATE_INFOPLIST_FILE = YES;
				INFOPLIST_KEY_NSHumanReadableCopyright = "";
				INSTALL_PATH = "$(LOCAL_LIBRARY_DIR)/Frameworks";
				IPHONEOS_DEPLOYMENT_TARGET = 13.0;
				LD_RUNPATH_SEARCH_PATHS = (
					"$(inherited)",
					"@executable_path/Frameworks",
					"@loader_path/Frameworks",
				);
				MARKETING_VERSION = 1.0;
				PRODUCT_BUNDLE_IDENTIFIER = com.im.meetalk.PhoneNumberFormat;
				PRODUCT_NAME = "$(TARGET_NAME:c99extidentifier)";
				SKIP_INSTALL = YES;
				SWIFT_EMIT_LOC_STRINGS = YES;
				SWIFT_VERSION = 5.0;
				TARGETED_DEVICE_FAMILY = "1,2";
			};
			name = Debug;
		};
		594E2C842AF6558C006C3F59 /* Release */ = {
			isa = XCBuildConfiguration;
			buildSettings = {
				BUILD_LIBRARY_FOR_DISTRIBUTION = YES;
				CODE_SIGN_STYLE = Automatic;
				CURRENT_PROJECT_VERSION = 1;
				DEFINES_MODULE = YES;
				DYLIB_COMPATIBILITY_VERSION = 1;
				DYLIB_CURRENT_VERSION = 1;
				DYLIB_INSTALL_NAME_BASE = "@rpath";
				
				GENERATE_INFOPLIST_FILE = YES;
				INFOPLIST_KEY_NSHumanReadableCopyright = "";
				INSTALL_PATH = "$(LOCAL_LIBRARY_DIR)/Frameworks";
				IPHONEOS_DEPLOYMENT_TARGET = 13.0;
				LD_RUNPATH_SEARCH_PATHS = (
					"$(inherited)",
					"@executable_path/Frameworks",
					"@loader_path/Frameworks",
				);
				MARKETING_VERSION = 1.0;
				PRODUCT_BUNDLE_IDENTIFIER = com.im.meetalk.PhoneNumberFormat;
				PRODUCT_NAME = "$(TARGET_NAME:c99extidentifier)";
				SKIP_INSTALL = YES;
				SWIFT_EMIT_LOC_STRINGS = YES;
				SWIFT_VERSION = 5.0;
				TARGETED_DEVICE_FAMILY = "1,2";
			};
			name = Release;
		};
/* End XCBuildConfiguration section */

/* Begin XCConfigurationList section */
		594E2C752AF6558C006C3F59 /* Build configuration list for PBXProject "PhoneNumberFormat" */ = {
			isa = XCConfigurationList;
			buildConfigurations = (
				594E2C802AF6558C006C3F59 /* Debug */,
				594E2C812AF6558C006C3F59 /* Release */,
			);
			defaultConfigurationIsVisible = 0;
			defaultConfigurationName = Release;
		};
		594E2C822AF6558C006C3F59 /* Build configuration list for PBXNativeTarget "PhoneNumberFormat" */ = {
			isa = XCConfigurationList;
			buildConfigurations = (
				594E2C832AF6558C006C3F59 /* Debug */,
				594E2C842AF6558C006C3F59 /* Release */,
			);
			defaultConfigurationIsVisible = 0;
			defaultConfigurationName = Release;
		};
/* End XCConfigurationList section */
	};
	rootObject = 594E2C722AF6558C006C3F59 /* Project object */;
}
